
Microsoft Visual Studio Solution File, Format Version 12.00
# Visual Studio Version 17
VisualStudioVersion = 17.7.34018.315
MinimumVisualStudioVersion = 10.0.40219.1
Project("{9A19103F-16F7-4668-BE54-9A1E7A4F7556}") = "AspNetCore.Api", "AspNetCore.Api\AspNetCore.Api.csproj", "{BC15C52F-ED6A-4744-ACE2-F9F7FF41A998}"
EndProject
Project("{FAE04EC0-301F-11D3-BF4B-00C04F79EFBC}") = "AspNetCore.Services", "AspNetCore.Services\AspNetCore.Services.csproj", "{7AA2D37D-A144-4DEE-A10E-76E46F80F71E}"
EndProject
Global
	GlobalSection(SolutionConfigurationPlatforms) = preSolution
		Debug|Any CPU = Debug|Any CPU
		Release|Any CPU = Release|Any CPU
	EndGlobalSection
	GlobalSection(ProjectConfigurationPlatforms) = postSolution
		{BC15C52F-ED6A-4744-ACE2-F9F7FF41A998}.Debug|Any CPU.ActiveCfg = Debug|Any CPU
		{BC15C52F-ED6A-4744-ACE2-F9F7FF41A998}.Debug|Any CPU.Build.0 = Debug|Any CPU
		{BC15C52F-ED6A-4744-ACE2-F9F7FF41A998}.Release|Any CPU.ActiveCfg = Release|Any CPU
		{BC15C52F-ED6A-4744-ACE2-F9F7FF41A998}.Release|Any CPU.Build.0 = Release|Any CPU
		{7AA2D37D-A144-4DEE-A10E-76E46F80F71E}.Debug|Any CPU.ActiveCfg = Debug|Any CPU
		{7AA2D37D-A144-4DEE-A10E-76E46F80F71E}.Debug|Any CPU.Build.0 = Debug|Any CPU
		{7AA2D37D-A144-4DEE-A10E-76E46F80F71E}.Release|Any CPU.ActiveCfg = Release|Any CPU
		{7AA2D37D-A144-4DEE-A10E-76E46F80F71E}.Release|Any CPU.Build.0 = Release|Any CPU
	EndGlobalSection
	GlobalSection(SolutionProperties) = preSolution
		HideSolutionNode = FALSE
	EndGlobalSection
	GlobalSection(ExtensibilityGlobals) = postSolution
		SolutionGuid = {F19F4D27-8548-406E-A30C-84E27ABAAD27}
	EndGlobalSection
EndGlobal
